// !$*UTF8*$!
{
	archiveVersion = 1;
	classes = {
	};
	objectVersion = 52;
	objects = {

/* Begin PBXBuildFile section */
		3E31D2EA25FAB22300E68A6E /* Theme.swift in Sources */ = {isa = PBXBuildFile; fileRef = 3E31D2E925FAB22300E68A6E /* Theme.swift */; };
		3E31D2EF25FABBAC00E68A6E /* ColorName+Extensions.swift in Sources */ = {isa = PBXBuildFile; fileRef = 3E31D2EE25FABBAC00E68A6E /* ColorName+Extensions.swift */; };
		3E31D30A25FACE2500E68A6E /* ColorsProtocol.swift in Sources */ = {isa = PBXBuildFile; fileRef = 3E31D30925FACE2500E68A6E /* ColorsProtocol.swift */; };
		3E31D30C25FACF9600E68A6E /* FontsProtocol.swift in Sources */ = {isa = PBXBuildFile; fileRef = 3E31D30B25FACF9600E68A6E /* FontsProtocol.swift */; };
		3E31D30E25FAE35300E68A6E /* ColorsProtocol+ColorTheme.swift in Sources */ = {isa = PBXBuildFile; fileRef = 3E31D30D25FAE35300E68A6E /* ColorsProtocol+ColorTheme.swift */; };
		3E31D31525FB5E0600E68A6E /* Colors.swift in Sources */ = {isa = PBXBuildFile; fileRef = 3E31D31425FB5E0600E68A6E /* Colors.swift */; };
		3E7DD10625FB6A5F0068CAD2 /* FontsProtocol+FontTheme.swift in Sources */ = {isa = PBXBuildFile; fileRef = 3E7DD10525FB6A5F0068CAD2 /* FontsProtocol+FontTheme.swift */; };
		3EC8F88D25FEAC7200AF08EB /* Themes in Frameworks */ = {isa = PBXBuildFile; productRef = 3EC8F88C25FEAC7200AF08EB /* Themes */; };
		3EE7E8E725FA9FC800930A32 /* AppThemes.h in Headers */ = {isa = PBXBuildFile; fileRef = 3EE7E8E525FA9FC800930A32 /* AppThemes.h */; settings = {ATTRIBUTES = (Public, ); }; };
		3EE7E90925FAA09700930A32 /* FontName+FontStyles.swift in Sources */ = {isa = PBXBuildFile; fileRef = 3EE7E90825FAA09700930A32 /* FontName+FontStyles.swift */; };
/* End PBXBuildFile section */

/* Begin PBXCopyFilesBuildPhase section */
		3EE7E8F925FA9FFA00930A32 /* Embed Frameworks */ = {
			isa = PBXCopyFilesBuildPhase;
			buildActionMask = 2147483647;
			dstPath = "";
			dstSubfolderSpec = 10;
			files = (
			);
			name = "Embed Frameworks";
			runOnlyForDeploymentPostprocessing = 0;
		};
/* End PBXCopyFilesBuildPhase section */

/* Begin PBXFileReference section */
		3E31D2E925FAB22300E68A6E /* Theme.swift */ = {isa = PBXFileReference; lastKnownFileType = sourcecode.swift; path = Theme.swift; sourceTree = "<group>"; };
		3E31D2EE25FABBAC00E68A6E /* ColorName+Extensions.swift */ = {isa = PBXFileReference; lastKnownFileType = sourcecode.swift; path = "ColorName+Extensions.swift"; sourceTree = "<group>"; };
		3E31D30925FACE2500E68A6E /* ColorsProtocol.swift */ = {isa = PBXFileReference; lastKnownFileType = sourcecode.swift; path = ColorsProtocol.swift; sourceTree = "<group>"; };
		3E31D30B25FACF9600E68A6E /* FontsProtocol.swift */ = {isa = PBXFileReference; lastKnownFileType = sourcecode.swift; path = FontsProtocol.swift; sourceTree = "<group>"; };
		3E31D30D25FAE35300E68A6E /* ColorsProtocol+ColorTheme.swift */ = {isa = PBXFileReference; lastKnownFileType = sourcecode.swift; path = "ColorsProtocol+ColorTheme.swift"; sourceTree = "<group>"; };
		3E31D31425FB5E0600E68A6E /* Colors.swift */ = {isa = PBXFileReference; lastKnownFileType = sourcecode.swift; path = Colors.swift; sourceTree = "<group>"; };
		3E7DD10525FB6A5F0068CAD2 /* FontsProtocol+FontTheme.swift */ = {isa = PBXFileReference; lastKnownFileType = sourcecode.swift; path = "FontsProtocol+FontTheme.swift"; sourceTree = "<group>"; };
		3EE7E8E225FA9FC800930A32 /* AppThemes.framework */ = {isa = PBXFileReference; explicitFileType = wrapper.framework; includeInIndex = 0; path = AppThemes.framework; sourceTree = BUILT_PRODUCTS_DIR; };
		3EE7E8E525FA9FC800930A32 /* AppThemes.h */ = {isa = PBXFileReference; lastKnownFileType = sourcecode.c.h; path = AppThemes.h; sourceTree = "<group>"; };
		3EE7E8E625FA9FC800930A32 /* Info.plist */ = {isa = PBXFileReference; lastKnownFileType = text.plist.xml; path = Info.plist; sourceTree = "<group>"; };
		3EE7E8FB25FAA04900930A32 /* FontStyle-Header1.otf */ = {isa = PBXFileReference; lastKnownFileType = file; path = "FontStyle-Header1.otf"; sourceTree = "<group>"; };
		3EE7E8FC25FAA04900930A32 /* FontStyle-Header3.otf */ = {isa = PBXFileReference; lastKnownFileType = file; path = "FontStyle-Header3.otf"; sourceTree = "<group>"; };
		3EE7E8FD25FAA04900930A32 /* FontStyle-Header2.otf */ = {isa = PBXFileReference; lastKnownFileType = file; path = "FontStyle-Header2.otf"; sourceTree = "<group>"; };
		3EE7E8FE25FAA04900930A32 /* FontStyle-BodyRegular.otf */ = {isa = PBXFileReference; lastKnownFileType = file; path = "FontStyle-BodyRegular.otf"; sourceTree = "<group>"; };
		3EE7E8FF25FAA04900930A32 /* FontStyle-BodyBold.otf */ = {isa = PBXFileReference; lastKnownFileType = file; path = "FontStyle-BodyBold.otf"; sourceTree = "<group>"; };
		3EE7E90025FAA04900930A32 /* Colors.xcassets */ = {isa = PBXFileReference; lastKnownFileType = folder.assetcatalog; path = Colors.xcassets; sourceTree = "<group>"; };
		3EE7E90825FAA09700930A32 /* FontName+FontStyles.swift */ = {isa = PBXFileReference; lastKnownFileType = sourcecode.swift; path = "FontName+FontStyles.swift"; sourceTree = "<group>"; };
/* End PBXFileReference section */

/* Begin PBXFrameworksBuildPhase section */
		3EE7E8DF25FA9FC800930A32 /* Frameworks */ = {
			isa = PBXFrameworksBuildPhase;
			buildActionMask = 2147483647;
			files = (
				3EC8F88D25FEAC7200AF08EB /* Themes in Frameworks */,
			);
			runOnlyForDeploymentPostprocessing = 0;
		};
/* End PBXFrameworksBuildPhase section */

/* Begin PBXGroup section */
		3EE7E8D825FA9FC800930A32 = {
			isa = PBXGroup;
			children = (
				3EE7E8E425FA9FC800930A32 /* AppThemes */,
				3EE7E8E325FA9FC800930A32 /* Products */,
			);
			sourceTree = "<group>";
		};
		3EE7E8E325FA9FC800930A32 /* Products */ = {
			isa = PBXGroup;
			children = (
				3EE7E8E225FA9FC800930A32 /* AppThemes.framework */,
			);
			name = Products;
			sourceTree = "<group>";
		};
		3EE7E8E425FA9FC800930A32 /* AppThemes */ = {
			isa = PBXGroup;
			children = (
				3EE7E90B25FAA0FC00930A32 /* Colors */,
				3EE7E90A25FAA0F200930A32 /* Fonts */,
				3EE7E8E525FA9FC800930A32 /* AppThemes.h */,
				3EE7E8E625FA9FC800930A32 /* Info.plist */,
				3E31D2E925FAB22300E68A6E /* Theme.swift */,
			);
			path = AppThemes;
			sourceTree = "<group>";
		};
		3EE7E8FA25FAA04900930A32 /* FontStyles */ = {
			isa = PBXGroup;
			children = (
				3EE7E8FB25FAA04900930A32 /* FontStyle-Header1.otf */,
				3EE7E8FC25FAA04900930A32 /* FontStyle-Header3.otf */,
				3EE7E8FD25FAA04900930A32 /* FontStyle-Header2.otf */,
				3EE7E8FE25FAA04900930A32 /* FontStyle-BodyRegular.otf */,
				3EE7E8FF25FAA04900930A32 /* FontStyle-BodyBold.otf */,
			);
			path = FontStyles;
			sourceTree = "<group>";
		};
		3EE7E90A25FAA0F200930A32 /* Fonts */ = {
			isa = PBXGroup;
			children = (
				3EE7E8FA25FAA04900930A32 /* FontStyles */,
				3EE7E90825FAA09700930A32 /* FontName+FontStyles.swift */,
				3E31D30B25FACF9600E68A6E /* FontsProtocol.swift */,
				3E7DD10525FB6A5F0068CAD2 /* FontsProtocol+FontTheme.swift */,
			);
			path = Fonts;
			sourceTree = "<group>";
		};
		3EE7E90B25FAA0FC00930A32 /* Colors */ = {
			isa = PBXGroup;
			children = (
				3EE7E90025FAA04900930A32 /* Colors.xcassets */,
				3E31D2EE25FABBAC00E68A6E /* ColorName+Extensions.swift */,
				3E31D30925FACE2500E68A6E /* ColorsProtocol.swift */,
				3E31D30D25FAE35300E68A6E /* ColorsProtocol+ColorTheme.swift */,
				3E31D31425FB5E0600E68A6E /* Colors.swift */,
			);
			path = Colors;
			sourceTree = "<group>";
		};
/* End PBXGroup section */

/* Begin PBXHeadersBuildPhase section */
		3EE7E8DD25FA9FC800930A32 /* Headers */ = {
			isa = PBXHeadersBuildPhase;
			buildActionMask = 2147483647;
			files = (
				3EE7E8E725FA9FC800930A32 /* AppThemes.h in Headers */,
			);
			runOnlyForDeploymentPostprocessing = 0;
		};
/* End PBXHeadersBuildPhase section */

/* Begin PBXNativeTarget section */
		3EE7E8E125FA9FC800930A32 /* AppThemes */ = {
			isa = PBXNativeTarget;
			buildConfigurationList = 3EE7E8EA25FA9FC800930A32 /* Build configuration list for PBXNativeTarget "AppThemes" */;
			buildPhases = (
				3EE7E8DD25FA9FC800930A32 /* Headers */,
				3EE7E8DE25FA9FC800930A32 /* Sources */,
				3EE7E8DF25FA9FC800930A32 /* Frameworks */,
				3EE7E8E025FA9FC800930A32 /* Resources */,
				3EE7E8F925FA9FFA00930A32 /* Embed Frameworks */,
			);
			buildRules = (
			);
			dependencies = (
			);
			name = AppThemes;
			packageProductDependencies = (
				3EC8F88C25FEAC7200AF08EB /* Themes */,
			);
			productName = AppThemes;
			productReference = 3EE7E8E225FA9FC800930A32 /* AppThemes.framework */;
			productType = "com.apple.product-type.framework";
		};
/* End PBXNativeTarget section */

/* Begin PBXProject section */
		3EE7E8D925FA9FC800930A32 /* Project object */ = {
			isa = PBXProject;
			attributes = {
				LastUpgradeCheck = 1240;
				TargetAttributes = {
					3EE7E8E125FA9FC800930A32 = {
						CreatedOnToolsVersion = 12.4;
						LastSwiftMigration = 1240;
					};
				};
			};
			buildConfigurationList = 3EE7E8DC25FA9FC800930A32 /* Build configuration list for PBXProject "AppThemes" */;
			compatibilityVersion = "Xcode 9.3";
			developmentRegion = en;
			hasScannedForEncodings = 0;
			knownRegions = (
				en,
				Base,
			);
			mainGroup = 3EE7E8D825FA9FC800930A32;
			packageReferences = (
				3EC8F88B25FEAC7200AF08EB /* XCRemoteSwiftPackageReference "Themes" */,
			);
			productRefGroup = 3EE7E8E325FA9FC800930A32 /* Products */;
			projectDirPath = "";
			projectRoot = "";
			targets = (
				3EE7E8E125FA9FC800930A32 /* AppThemes */,
			);
		};
/* End PBXProject section */

/* Begin PBXResourcesBuildPhase section */
		3EE7E8E025FA9FC800930A32 /* Resources */ = {
			isa = PBXResourcesBuildPhase;
			buildActionMask = 2147483647;
			files = (
			);
			runOnlyForDeploymentPostprocessing = 0;
		};
/* End PBXResourcesBuildPhase section */

/* Begin PBXSourcesBuildPhase section */
		3EE7E8DE25FA9FC800930A32 /* Sources */ = {
			isa = PBXSourcesBuildPhase;
			buildActionMask = 2147483647;
			files = (
				3E31D2EF25FABBAC00E68A6E /* ColorName+Extensions.swift in Sources */,
				3E7DD10625FB6A5F0068CAD2 /* FontsProtocol+FontTheme.swift in Sources */,
				3EE7E90925FAA09700930A32 /* FontName+FontStyles.swift in Sources */,
				3E31D30C25FACF9600E68A6E /* FontsProtocol.swift in Sources */,
				3E31D31525FB5E0600E68A6E /* Colors.swift in Sources */,
				3E31D2EA25FAB22300E68A6E /* Theme.swift in Sources */,
				3E31D30A25FACE2500E68A6E /* ColorsProtocol.swift in Sources */,
				3E31D30E25FAE35300E68A6E /* ColorsProtocol+ColorTheme.swift in Sources */,
			);
			runOnlyForDeploymentPostprocessing = 0;
		};
/* End PBXSourcesBuildPhase section */

/* Begin XCBuildConfiguration section */
		3EE7E8E825FA9FC800930A32 /* Debug */ = {
			isa = XCBuildConfiguration;
			buildSettings = {
				ALWAYS_SEARCH_USER_PATHS = NO;
				CLANG_ANALYZER_NONNULL = YES;
				CLANG_ANALYZER_NUMBER_OBJECT_CONVERSION = YES_AGGRESSIVE;
				CLANG_CXX_LANGUAGE_STANDARD = "gnu++14";
				CLANG_CXX_LIBRARY = "libc++";
				CLANG_ENABLE_MODULES = YES;
				CLANG_ENABLE_OBJC_ARC = YES;
				CLANG_ENABLE_OBJC_WEAK = YES;
				CLANG_WARN_BLOCK_CAPTURE_AUTORELEASING = YES;
				CLANG_WARN_BOOL_CONVERSION = YES;
				CLANG_WARN_COMMA = YES;
				CLANG_WARN_CONSTANT_CONVERSION = YES;
				CLANG_WARN_DEPRECATED_OBJC_IMPLEMENTATIONS = YES;
				CLANG_WARN_DIRECT_OBJC_ISA_USAGE = YES_ERROR;
				CLANG_WARN_DOCUMENTATION_COMMENTS = YES;
				CLANG_WARN_EMPTY_BODY = YES;
				CLANG_WARN_ENUM_CONVERSION = YES;
				CLANG_WARN_INFINITE_RECURSION = YES;
				CLANG_WARN_INT_CONVERSION = YES;
				CLANG_WARN_NON_LITERAL_NULL_CONVERSION = YES;
				CLANG_WARN_OBJC_IMPLICIT_RETAIN_SELF = YES;
				CLANG_WARN_OBJC_LITERAL_CONVERSION = YES;
				CLANG_WARN_OBJC_ROOT_CLASS = YES_ERROR;
				CLANG_WARN_QUOTED_INCLUDE_IN_FRAMEWORK_HEADER = YES;
				CLANG_WARN_RANGE_LOOP_ANALYSIS = YES;
				CLANG_WARN_STRICT_PROTOTYPES = YES;
				CLANG_WARN_SUSPICIOUS_MOVE = YES;
				CLANG_WARN_UNGUARDED_AVAILABILITY = YES_AGGRESSIVE;
				CLANG_WARN_UNREACHABLE_CODE = YES;
				CLANG_WARN__DUPLICATE_METHOD_MATCH = YES;
				COPY_PHASE_STRIP = NO;
				CURRENT_PROJECT_VERSION = 1;
				DEBUG_INFORMATION_FORMAT = dwarf;
				ENABLE_STRICT_OBJC_MSGSEND = YES;
				ENABLE_TESTABILITY = YES;
				GCC_C_LANGUAGE_STANDARD = gnu11;
				GCC_DYNAMIC_NO_PIC = NO;
				GCC_NO_COMMON_BLOCKS = YES;
				GCC_OPTIMIZATION_LEVEL = 0;
				GCC_PREPROCESSOR_DEFINITIONS = (
					"DEBUG=1",
					"$(inherited)",
				);
				GCC_WARN_64_TO_32_BIT_CONVERSION = YES;
				GCC_WARN_ABOUT_RETURN_TYPE = YES_ERROR;
				GCC_WARN_UNDECLARED_SELECTOR = YES;
				GCC_WARN_UNINITIALIZED_AUTOS = YES_AGGRESSIVE;
				GCC_WARN_UNUSED_FUNCTION = YES;
				GCC_WARN_UNUSED_VARIABLE = YES;
				IPHONEOS_DEPLOYMENT_TARGET = 14.4;
				MTL_ENABLE_DEBUG_INFO = INCLUDE_SOURCE;
				MTL_FAST_MATH = YES;
				ONLY_ACTIVE_ARCH = YES;
				SDKROOT = iphoneos;
				SWIFT_ACTIVE_COMPILATION_CONDITIONS = DEBUG;
				SWIFT_OPTIMIZATION_LEVEL = "-Onone";
				VERSIONING_SYSTEM = "apple-generic";
				VERSION_INFO_PREFIX = "";
			};
			name = Debug;
		};
		3EE7E8E925FA9FC800930A32 /* Release */ = {
			isa = XCBuildConfiguration;
			buildSettings = {
				ALWAYS_SEARCH_USER_PATHS = NO;
				CLANG_ANALYZER_NONNULL = YES;
				CLANG_ANALYZER_NUMBER_OBJECT_CONVERSION = YES_AGGRESSIVE;
				CLANG_CXX_LANGUAGE_STANDARD = "gnu++14";
				CLANG_CXX_LIBRARY = "libc++";
				CLANG_ENABLE_MODULES = YES;
				CLANG_ENABLE_OBJC_ARC = YES;
				CLANG_ENABLE_OBJC_WEAK = YES;
				CLANG_WARN_BLOCK_CAPTURE_AUTORELEASING = YES;
				CLANG_WARN_BOOL_CONVERSION = YES;
				CLANG_WARN_COMMA = YES;
				CLANG_WARN_CONSTANT_CONVERSION = YES;
				CLANG_WARN_DEPRECATED_OBJC_IMPLEMENTATIONS = YES;
				CLANG_WARN_DIRECT_OBJC_ISA_USAGE = YES_ERROR;
				CLANG_WARN_DOCUMENTATION_COMMENTS = YES;
				CLANG_WARN_EMPTY_BODY = YES;
				CLANG_WARN_ENUM_CONVERSION = YES;
				CLANG_WARN_INFINITE_RECURSION = YES;
				CLANG_WARN_INT_CONVERSION = YES;
				CLANG_WARN_NON_LITERAL_NULL_CONVERSION = YES;
				CLANG_WARN_OBJC_IMPLICIT_RETAIN_SELF = YES;
				CLANG_WARN_OBJC_LITERAL_CONVERSION = YES;
				CLANG_WARN_OBJC_ROOT_CLASS = YES_ERROR;
				CLANG_WARN_QUOTED_INCLUDE_IN_FRAMEWORK_HEADER = YES;
				CLANG_WARN_RANGE_LOOP_ANALYSIS = YES;
				CLANG_WARN_STRICT_PROTOTYPES = YES;
				CLANG_WARN_SUSPICIOUS_MOVE = YES;
				CLANG_WARN_UNGUARDED_AVAILABILITY = YES_AGGRESSIVE;
				CLANG_WARN_UNREACHABLE_CODE = YES;
				CLANG_WARN__DUPLICATE_METHOD_MATCH = YES;
				COPY_PHASE_STRIP = NO;
				CURRENT_PROJECT_VERSION = 1;
				DEBUG_INFORMATION_FORMAT = "dwarf-with-dsym";
				ENABLE_NS_ASSERTIONS = NO;
				ENABLE_STRICT_OBJC_MSGSEND = YES;
				GCC_C_LANGUAGE_STANDARD = gnu11;
				GCC_NO_COMMON_BLOCKS = YES;
				GCC_WARN_64_TO_32_BIT_CONVERSION = YES;
				GCC_WARN_ABOUT_RETURN_TYPE = YES_ERROR;
				GCC_WARN_UNDECLARED_SELECTOR = YES;
				GCC_WARN_UNINITIALIZED_AUTOS = YES_AGGRESSIVE;
				GCC_WARN_UNUSED_FUNCTION = YES;
				GCC_WARN_UNUSED_VARIABLE = YES;
				IPHONEOS_DEPLOYMENT_TARGET = 14.4;
				MTL_ENABLE_DEBUG_INFO = NO;
				MTL_FAST_MATH = YES;
				SDKROOT = iphoneos;
				SWIFT_COMPILATION_MODE = wholemodule;
				SWIFT_OPTIMIZATION_LEVEL = "-O";
				VALIDATE_PRODUCT = YES;
				VERSIONING_SYSTEM = "apple-generic";
				VERSION_INFO_PREFIX = "";
			};
			name = Release;
		};
		3EE7E8EB25FA9FC800930A32 /* Debug */ = {
			isa = XCBuildConfiguration;
			buildSettings = {
				CLANG_ENABLE_MODULES = YES;
				CODE_SIGN_STYLE = Automatic;
				DEFINES_MODULE = YES;
				DEVELOPMENT_TEAM = 2ZAT64L5ST;
				DYLIB_COMPATIBILITY_VERSION = 1;
				DYLIB_CURRENT_VERSION = 1;
				DYLIB_INSTALL_NAME_BASE = "@rpath";
				INFOPLIST_FILE = AppThemes/Info.plist;
				INSTALL_PATH = "$(LOCAL_LIBRARY_DIR)/Frameworks";
				IPHONEOS_DEPLOYMENT_TARGET = 11.0;
				LD_RUNPATH_SEARCH_PATHS = (
					"$(inherited)",
					"@executable_path/Frameworks",
					"@loader_path/Frameworks",
				);
				PRODUCT_BUNDLE_IDENTIFIER = Home.AppThemes;
				PRODUCT_NAME = "$(TARGET_NAME:c99extidentifier)";
				SKIP_INSTALL = YES;
				SUPPORTS_MACCATALYST = NO;
				SWIFT_OPTIMIZATION_LEVEL = "-Onone";
				SWIFT_VERSION = 5.0;
				TARGETED_DEVICE_FAMILY = 1;
			};
			name = Debug;
		};
		3EE7E8EC25FA9FC800930A32 /* Release */ = {
			isa = XCBuildConfiguration;
			buildSettings = {
				CLANG_ENABLE_MODULES = YES;
				CODE_SIGN_STYLE = Automatic;
				DEFINES_MODULE = YES;
				DEVELOPMENT_TEAM = 2ZAT64L5ST;
				DYLIB_COMPATIBILITY_VERSION = 1;
				DYLIB_CURRENT_VERSION = 1;
				DYLIB_INSTALL_NAME_BASE = "@rpath";
				INFOPLIST_FILE = AppThemes/Info.plist;
				INSTALL_PATH = "$(LOCAL_LIBRARY_DIR)/Frameworks";
				IPHONEOS_DEPLOYMENT_TARGET = 11.0;
				LD_RUNPATH_SEARCH_PATHS = (
					"$(inherited)",
					"@executable_path/Frameworks",
					"@loader_path/Frameworks",
				);
				PRODUCT_BUNDLE_IDENTIFIER = Home.AppThemes;
				PRODUCT_NAME = "$(TARGET_NAME:c99extidentifier)";
				SKIP_INSTALL = YES;
				SUPPORTS_MACCATALYST = NO;
				SWIFT_VERSION = 5.0;
				TARGETED_DEVICE_FAMILY = 1;
			};
			name = Release;
		};
/* End XCBuildConfiguration section */

/* Begin XCConfigurationList section */
		3EE7E8DC25FA9FC800930A32 /* Build configuration list for PBXProject "AppThemes" */ = {
			isa = XCConfigurationList;
			buildConfigurations = (
				3EE7E8E825FA9FC800930A32 /* Debug */,
				3EE7E8E925FA9FC800930A32 /* Release */,
			);
			defaultConfigurationIsVisible = 0;
			defaultConfigurationName = Release;
		};
		3EE7E8EA25FA9FC800930A32 /* Build configuration list for PBXNativeTarget "AppThemes" */ = {
			isa = XCConfigurationList;
			buildConfigurations = (
				3EE7E8EB25FA9FC800930A32 /* Debug */,
				3EE7E8EC25FA9FC800930A32 /* Release */,
			);
			defaultConfigurationIsVisible = 0;
			defaultConfigurationName = Release;
		};
/* End XCConfigurationList section */

/* Begin XCRemoteSwiftPackageReference section */
		3EC8F88B25FEAC7200AF08EB /* XCRemoteSwiftPackageReference "Themes" */ = {
			isa = XCRemoteSwiftPackageReference;
			repositoryURL = "https://github.com/belozierov/Themes";
			requirement = {
				kind = upToNextMajorVersion;
				minimumVersion = 0.0.1;
			};
		};
/* End XCRemoteSwiftPackageReference section */

/* Begin XCSwiftPackageProductDependency section */
		3EC8F88C25FEAC7200AF08EB /* Themes */ = {
			isa = XCSwiftPackageProductDependency;
			package = 3EC8F88B25FEAC7200AF08EB /* XCRemoteSwiftPackageReference "Themes" */;
			productName = Themes;
		};
/* End XCSwiftPackageProductDependency section */
	};
	rootObject = 3EE7E8D925FA9FC800930A32 /* Project object */;
}
